
Microsoft Visual Studio Solution File, Format Version 12.00
# Visual Studio Version 16
VisualStudioVersion = 16.0.30717.126
MinimumVisualStudioVersion = 10.0.40219.1
Project("{9A19103F-16F7-4668-BE54-9A1E7A4F7556}") = "AsyncDemo", "AsyncDemo\AsyncDemo.csproj", "{BD1AA7BC-5265-448C-AC30-61ED5DF11CFC}"
EndProject
Project("{9A19103F-16F7-4668-BE54-9A1E7A4F7556}") = "AsyncDemoApi", "AsyncDemoApi\AsyncDemoApi.csproj", "{EEB9CCC9-C0D4-4057-878E-647C4DB93B8B}"
EndProject
Project("{FAE04EC0-301F-11D3-BF4B-00C04F79EFBC}") = "AsyncDemo.UnitTests", "AsyncDemo.UnitTests\AsyncDemo.UnitTests.csproj", "{8C944DD2-1734-48D7-B982-937FDBDEF53A}"
EndProject
Global
	GlobalSection(SolutionConfigurationPlatforms) = preSolution
		Debug|Any CPU = Debug|Any CPU
		Release|Any CPU = Release|Any CPU
	EndGlobalSection
	GlobalSection(ProjectConfigurationPlatforms) = postSolution
		{BD1AA7BC-5265-448C-AC30-61ED5DF11CFC}.Debug|Any CPU.ActiveCfg = Debug|Any CPU
		{BD1AA7BC-5265-448C-AC30-61ED5DF11CFC}.Debug|Any CPU.Build.0 = Debug|Any CPU
		{BD1AA7BC-5265-448C-AC30-61ED5DF11CFC}.Release|Any CPU.ActiveCfg = Release|Any CPU
		{BD1AA7BC-5265-448C-AC30-61ED5DF11CFC}.Release|Any CPU.Build.0 = Release|Any CPU
		{EEB9CCC9-C0D4-4057-878E-647C4DB93B8B}.Debug|Any CPU.ActiveCfg = Debug|Any CPU
		{EEB9CCC9-C0D4-4057-878E-647C4DB93B8B}.Debug|Any CPU.Build.0 = Debug|Any CPU
		{EEB9CCC9-C0D4-4057-878E-647C4DB93B8B}.Release|Any CPU.ActiveCfg = Release|Any CPU
		{EEB9CCC9-C0D4-4057-878E-647C4DB93B8B}.Release|Any CPU.Build.0 = Release|Any CPU
		{8C944DD2-1734-48D7-B982-937FDBDEF53A}.Debug|Any CPU.ActiveCfg = Debug|Any CPU
		{8C944DD2-1734-48D7-B982-937FDBDEF53A}.Debug|Any CPU.Build.0 = Debug|Any CPU
		{8C944DD2-1734-48D7-B982-937FDBDEF53A}.Release|Any CPU.ActiveCfg = Release|Any CPU
		{8C944DD2-1734-48D7-B982-937FDBDEF53A}.Release|Any CPU.Build.0 = Release|Any CPU
	EndGlobalSection
	GlobalSection(SolutionProperties) = preSolution
		HideSolutionNode = FALSE
	EndGlobalSection
	GlobalSection(ExtensibilityGlobals) = postSolution
		SolutionGuid = {BCAA1125-C614-45F2-92F3-BE1037CE2CC2}
	EndGlobalSection
EndGlobal
